
Microsoft Visual Studio Solution File, Format Version 12.00
Project("{FAE04EC0-301F-11D3-BF4B-00C04F79EFBC}") = "CheckersApp", "CheckersApp\CheckersApp.csproj", "{CF16A40B-EFDF-43BF-AAE8-5CF42C01BE36}"
EndProject
Project("{FAE04EC0-301F-11D3-BF4B-00C04F79EFBC}") = "MenuSystem", "MenuSystem\MenuSystem.csproj", "{3C64A00E-3BA4-4754-B3F6-4F04B76D2766}"
EndProject
Project("{2150E333-8FDC-42A3-9474-1A3956D46DE8}") = "SolutionFolder", "SolutionFolder", "{B99F2F51-8D17-4033-8F6B-9E2D46B7DC0C}"
	ProjectSection(SolutionItems) = preProject
		Directory.Build.props = Directory.Build.props
	EndProjectSection
EndProject
Project("{FAE04EC0-301F-11D3-BF4B-00C04F79EFBC}") = "GameBrain", "GameBrain\GameBrain.csproj", "{BAE832A7-5DC9-40AA-8DF0-C770AD4A859E}"
EndProject
Project("{FAE04EC0-301F-11D3-BF4B-00C04F79EFBC}") = "ConsoleUI", "ConsoleUI\ConsoleUI.csproj", "{5BCCED5C-21E2-4282-8483-B73BFCD9F879}"
EndProject
Project("{FAE04EC0-301F-11D3-BF4B-00C04F79EFBC}") = "DAL.FileSystem", "DAL.FileSystem\DAL.FileSystem.csproj", "{CEFA7C95-06AD-41C3-846C-FDD7763AEF9A}"
EndProject
Project("{FAE04EC0-301F-11D3-BF4B-00C04F79EFBC}") = "DAL.Db", "DAL.Db\DAL.Db.csproj", "{94538941-27B3-48A3-BA65-C78D5C31F568}"
EndProject
Project("{FAE04EC0-301F-11D3-BF4B-00C04F79EFBC}") = "DataAccessLayer", "DataAccessLayer\DataAccessLayer.csproj", "{4ABD79DD-FC92-412D-8157-87F0A4B7AAC9}"
EndProject
Project("{FAE04EC0-301F-11D3-BF4B-00C04F79EFBC}") = "Domain", "Domain\Domain.csproj", "{FD3ADA7E-8F43-411D-AE26-5B1BA0C1AE44}"
EndProject
Project("{FAE04EC0-301F-11D3-BF4B-00C04F79EFBC}") = "WebApplication1", "WebApplication1\WebApplication1.csproj", "{9E7D12CC-CC50-4CB9-B672-3B803DDE5ACF}"
EndProject
Global
	GlobalSection(SolutionConfigurationPlatforms) = preSolution
		Debug|Any CPU = Debug|Any CPU
		Release|Any CPU = Release|Any CPU
	EndGlobalSection
	GlobalSection(ProjectConfigurationPlatforms) = postSolution
		{CF16A40B-EFDF-43BF-AAE8-5CF42C01BE36}.Debug|Any CPU.ActiveCfg = Debug|Any CPU
		{CF16A40B-EFDF-43BF-AAE8-5CF42C01BE36}.Debug|Any CPU.Build.0 = Debug|Any CPU
		{CF16A40B-EFDF-43BF-AAE8-5CF42C01BE36}.Release|Any CPU.ActiveCfg = Release|Any CPU
		{CF16A40B-EFDF-43BF-AAE8-5CF42C01BE36}.Release|Any CPU.Build.0 = Release|Any CPU
		{3C64A00E-3BA4-4754-B3F6-4F04B76D2766}.Debug|Any CPU.ActiveCfg = Debug|Any CPU
		{3C64A00E-3BA4-4754-B3F6-4F04B76D2766}.Debug|Any CPU.Build.0 = Debug|Any CPU
		{3C64A00E-3BA4-4754-B3F6-4F04B76D2766}.Release|Any CPU.ActiveCfg = Release|Any CPU
		{3C64A00E-3BA4-4754-B3F6-4F04B76D2766}.Release|Any CPU.Build.0 = Release|Any CPU
		{BAE832A7-5DC9-40AA-8DF0-C770AD4A859E}.Debug|Any CPU.ActiveCfg = Debug|Any CPU
		{BAE832A7-5DC9-40AA-8DF0-C770AD4A859E}.Debug|Any CPU.Build.0 = Debug|Any CPU
		{BAE832A7-5DC9-40AA-8DF0-C770AD4A859E}.Release|Any CPU.ActiveCfg = Release|Any CPU
		{BAE832A7-5DC9-40AA-8DF0-C770AD4A859E}.Release|Any CPU.Build.0 = Release|Any CPU
		{5BCCED5C-21E2-4282-8483-B73BFCD9F879}.Debug|Any CPU.ActiveCfg = Debug|Any CPU
		{5BCCED5C-21E2-4282-8483-B73BFCD9F879}.Debug|Any CPU.Build.0 = Debug|Any CPU
		{5BCCED5C-21E2-4282-8483-B73BFCD9F879}.Release|Any CPU.ActiveCfg = Release|Any CPU
		{5BCCED5C-21E2-4282-8483-B73BFCD9F879}.Release|Any CPU.Build.0 = Release|Any CPU
		{CEFA7C95-06AD-41C3-846C-FDD7763AEF9A}.Debug|Any CPU.ActiveCfg = Debug|Any CPU
		{CEFA7C95-06AD-41C3-846C-FDD7763AEF9A}.Debug|Any CPU.Build.0 = Debug|Any CPU
		{CEFA7C95-06AD-41C3-846C-FDD7763AEF9A}.Release|Any CPU.ActiveCfg = Release|Any CPU
		{CEFA7C95-06AD-41C3-846C-FDD7763AEF9A}.Release|Any CPU.Build.0 = Release|Any CPU
		{94538941-27B3-48A3-BA65-C78D5C31F568}.Debug|Any CPU.ActiveCfg = Debug|Any CPU
		{94538941-27B3-48A3-BA65-C78D5C31F568}.Debug|Any CPU.Build.0 = Debug|Any CPU
		{94538941-27B3-48A3-BA65-C78D5C31F568}.Release|Any CPU.ActiveCfg = Release|Any CPU
		{94538941-27B3-48A3-BA65-C78D5C31F568}.Release|Any CPU.Build.0 = Release|Any CPU
		{4ABD79DD-FC92-412D-8157-87F0A4B7AAC9}.Debug|Any CPU.ActiveCfg = Debug|Any CPU
		{4ABD79DD-FC92-412D-8157-87F0A4B7AAC9}.Debug|Any CPU.Build.0 = Debug|Any CPU
		{4ABD79DD-FC92-412D-8157-87F0A4B7AAC9}.Release|Any CPU.ActiveCfg = Release|Any CPU
		{4ABD79DD-FC92-412D-8157-87F0A4B7AAC9}.Release|Any CPU.Build.0 = Release|Any CPU
		{FD3ADA7E-8F43-411D-AE26-5B1BA0C1AE44}.Debug|Any CPU.ActiveCfg = Debug|Any CPU
		{FD3ADA7E-8F43-411D-AE26-5B1BA0C1AE44}.Debug|Any CPU.Build.0 = Debug|Any CPU
		{FD3ADA7E-8F43-411D-AE26-5B1BA0C1AE44}.Release|Any CPU.ActiveCfg = Release|Any CPU
		{FD3ADA7E-8F43-411D-AE26-5B1BA0C1AE44}.Release|Any CPU.Build.0 = Release|Any CPU
		{9E7D12CC-CC50-4CB9-B672-3B803DDE5ACF}.Debug|Any CPU.ActiveCfg = Debug|Any CPU
		{9E7D12CC-CC50-4CB9-B672-3B803DDE5ACF}.Debug|Any CPU.Build.0 = Debug|Any CPU
		{9E7D12CC-CC50-4CB9-B672-3B803DDE5ACF}.Release|Any CPU.ActiveCfg = Release|Any CPU
		{9E7D12CC-CC50-4CB9-B672-3B803DDE5ACF}.Release|Any CPU.Build.0 = Release|Any CPU
	EndGlobalSection
EndGlobal
